
Microsoft Visual Studio Solution File, Format Version 12.00
# Visual Studio 2013
VisualStudioVersion = 12.0.31101.0
MinimumVisualStudioVersion = 10.0.40219.1
Project("{FAE04EC0-301F-11D3-BF4B-00C04F79EFBC}") = "HangfireService.Pro", "HangfireService.Pro\HangfireService.Pro.csproj", "{094408B7-A693-41AC-91E4-7A832FB5E17C}"
EndProject
Project("{FAE04EC0-301F-11D3-BF4B-00C04F79EFBC}") = "Ioc.Core", "Ioc.Core\Ioc.Core.csproj", "{49E1D790-273C-470E-BB4E-254872AF3D51}"
EndProject
Project("{FAE04EC0-301F-11D3-BF4B-00C04F79EFBC}") = "Ioc.Data.EF", "Ioc.Data\Ioc.Data.EF.csproj", "{0637F5BD-663E-4F79-9CB2-39C2ABCAADAE}"
EndProject
Project("{FAE04EC0-301F-11D3-BF4B-00C04F79EFBC}") = "Ioc.Serivce", "Ioc.Serivce\Ioc.Serivce.csproj", "{26252CE3-896D-4F46-B91F-EBC536396AAC}"
EndProject
Project("{FAE04EC0-301F-11D3-BF4B-00C04F79EFBC}") = "Ioc.WebUI", "Ioc.WebUI\Ioc.WebUI.csproj", "{C2B5CBDD-CB10-4502-B1C7-960F9B95ECF3}"
EndProject
Project("{FAE04EC0-301F-11D3-BF4B-00C04F79EFBC}") = "Ioc.WPFRedisClient", "Ioc.WPFRedisClient\Ioc.WPFRedisClient.csproj", "{B41407DF-CEE6-4F30-93EB-89CD81767FF2}"
	ProjectSection(ProjectDependencies) = postProject
		{C2B5CBDD-CB10-4502-B1C7-960F9B95ECF3} = {C2B5CBDD-CB10-4502-B1C7-960F9B95ECF3}
	EndProjectSection
EndProject
Project("{FAE04EC0-301F-11D3-BF4B-00C04F79EFBC}") = "Ioc.Common", "Ioc.Common\Ioc.Common.csproj", "{E96DF8F3-3B24-4F0D-9978-9E5D467B1EF6}"
EndProject
Project("{FAE04EC0-301F-11D3-BF4B-00C04F79EFBC}") = "Ioc.Ninject", "Ioc.Ninject\Ioc.Ninject.csproj", "{B125CA43-F5A3-4FD6-90CA-60A0BE29A4AF}"
EndProject
Project("{FAE04EC0-301F-11D3-BF4B-00C04F79EFBC}") = "Ioc.Test", "Ioc.Test\Ioc.Test.csproj", "{25D45903-37B3-445F-9042-F2A5E79E1415}"
EndProject
Project("{FAE04EC0-301F-11D3-BF4B-00C04F79EFBC}") = "Ioc.Data.Redis", "Ioc.Data.Redis\Ioc.Data.Redis.csproj", "{2482DBF7-A8D3-415D-8524-03BC84D74100}"
EndProject
Project("{2150E333-8FDC-42A3-9474-1A3956D46DE8}") = "Ioc.WebApi", "Ioc.WebApi", "{A9ADB103-97DD-4F14-A8DC-B88904B69778}"
EndProject
Project("{FAE04EC0-301F-11D3-BF4B-00C04F79EFBC}") = "Ioc.AutofacWebApi", "Ioc.AutofacWebApi\Ioc.AutofacWebApi.csproj", "{8BED268B-EF1F-4CE6-B48A-EC760EDB7D05}"
EndProject
Project("{FAE04EC0-301F-11D3-BF4B-00C04F79EFBC}") = "Ioc.NinjectWebApi", "Ioc.NinjectWebApi\Ioc.NinjectWebApi.csproj", "{B8BDB464-6121-468B-A888-C1A1040A7AA1}"
EndProject
Project("{FAE04EC0-301F-11D3-BF4B-00C04F79EFBC}") = "Ioc.Domain", "Ioc.Domain\Ioc.Domain.csproj", "{9697A0A2-A424-49B4-850F-3981A31EAAD6}"
EndProject
Project("{FAE04EC0-301F-11D3-BF4B-00C04F79EFBC}") = "Ioc.Business", "Ioc.Business\Ioc.Business.csproj", "{59AD7563-BFB0-40F0-9813-59285F4272E8}"
EndProject
Project("{FAE04EC0-301F-11D3-BF4B-00C04F79EFBC}") = "Ioc.Data.NHibernate", "Ioc.Data.NHibernate\Ioc.Data.NHibernate.csproj", "{63D0DEC8-D4BD-4BE8-AF47-C6C04FCD7F23}"
EndProject
Project("{FAE04EC0-301F-11D3-BF4B-00C04F79EFBC}") = "Ioc.Spring.NET", "Ioc.Spring.NET\Ioc.Spring.NET.csproj", "{29D9A171-BE44-4ED1-80D8-19DBA316A3BA}"
EndProject
Project("{FAE04EC0-301F-11D3-BF4B-00C04F79EFBC}") = "HZLogger.NLogWrapper", "HZLogger.NLogWrapper\HZLogger.NLogWrapper.csproj", "{F8F71A34-A0CE-40A8-A440-7BA37676C7CC}"
EndProject
Project("{FAE04EC0-301F-11D3-BF4B-00C04F79EFBC}") = "Ioc.SignalRMvc", "Ioc.SignalRMvc\Ioc.SignalRMvc.csproj", "{1FE3D9FA-97BF-49D5-B491-837365195E3C}"
EndProject
Project("{FAE04EC0-301F-11D3-BF4B-00C04F79EFBC}") = "Ioc.Spring.Net.App1", "Ioc.Spring.Net.App1\Ioc.Spring.Net.App1.csproj", "{B20BD0AA-C898-4365-B8E1-92ADA65AFBEE}"
EndProject
Project("{FAE04EC0-301F-11D3-BF4B-00C04F79EFBC}") = "Ioc.WCFService", "Ioc.WCFService\Ioc.WCFService.csproj", "{B331738F-2438-4566-9AD2-F5F2777F0E10}"
EndProject
Project("{2150E333-8FDC-42A3-9474-1A3956D46DE8}") = "Ioc.WCF", "Ioc.WCF", "{6AA9F1A9-E827-45AF-998E-68079C120D4F}"
EndProject
Project("{FAE04EC0-301F-11D3-BF4B-00C04F79EFBC}") = "WsHttpBinding", "WsHttpBinding\WsHttpBinding.csproj", "{F56DDA7B-DA88-457A-B850-5980A0C51467}"
EndProject
Project("{FAE04EC0-301F-11D3-BF4B-00C04F79EFBC}") = "Ioc.WCFHost", "Ioc.WCFHost\Ioc.WCFHost.csproj", "{C1F6484C-58A3-425C-A4A8-386CBA6A6821}"
EndProject
Project("{FAE04EC0-301F-11D3-BF4B-00C04F79EFBC}") = "Ioc.WCFTest", "Ioc.WCFTest\Ioc.WCFTest.csproj", "{FEA6C656-E1DE-4029-9E8C-1D8236ABB8A9}"
EndProject
Project("{FAE04EC0-301F-11D3-BF4B-00C04F79EFBC}") = "Ioc.WCFClient", "Ioc.WCFClient\Ioc.WCFClient.csproj", "{695EA167-5E0A-4593-9868-F0D7E639AFDE}"
EndProject
Project("{FAE04EC0-301F-11D3-BF4B-00C04F79EFBC}") = "Ioc.WCFMSMQ", "Ioc.WCFMSMQ\Ioc.WCFMSMQ.csproj", "{FFEFD279-5D9E-4C0C-A880-D253EE498568}"
EndProject
Project("{2150E333-8FDC-42A3-9474-1A3956D46DE8}") = "AngularJSAndWCFTest", "AngularJSAndWCFTest", "{57EDDF92-1D8F-46AF-A06A-9AC4BFF91749}"
EndProject
Project("{FAE04EC0-301F-11D3-BF4B-00C04F79EFBC}") = "WCFRESTService", "WCFRESTService\WCFRESTService.csproj", "{3C2D0904-289D-4270-BB79-D759626F2F82}"
EndProject
Project("{2150E333-8FDC-42A3-9474-1A3956D46DE8}") = "Ioc.CusMVC", "Ioc.CusMVC", "{84D9935A-8B07-4EA7-9E28-8866EDEF62EC}"
EndProject
Project("{FAE04EC0-301F-11D3-BF4B-00C04F79EFBC}") = "Ioc.CMvc", "Ioc.CMvc\Ioc.CMvc.csproj", "{E8385247-E200-4280-8B49-5DF48475A1A5}"
EndProject
Project("{FAE04EC0-301F-11D3-BF4B-00C04F79EFBC}") = "Contracts", "Contracts\Contracts.csproj", "{F401A88C-78B7-4E7C-ADE1-40484285BC8A}"
EndProject
Project("{FAE04EC0-301F-11D3-BF4B-00C04F79EFBC}") = "Services", "Services\Services.csproj", "{B3E92F41-7FFA-457F-B00B-491760BD580B}"
EndProject
Project("{FAE04EC0-301F-11D3-BF4B-00C04F79EFBC}") = "Host", "Host\Host.csproj", "{2BF076A7-EAD0-460C-8F3C-C678961F0B1F}"
EndProject
Project("{FAE04EC0-301F-11D3-BF4B-00C04F79EFBC}") = "Clients", "Clients\Clients.csproj", "{6F3ECCC6-FD7E-45D8-90A3-8E498197EF90}"
EndProject
Project("{FAE04EC0-301F-11D3-BF4B-00C04F79EFBC}") = "CacheLibrary", "CacheLibrary\CacheLibrary.csproj", "{454D40E9-DBA0-408F-8516-C9FB16FB736A}"
EndProject
Project("{FAE04EC0-301F-11D3-BF4B-00C04F79EFBC}") = "SpringNetWCF", "SpringNetWCF\SpringNetWCF.csproj", "{E4D00A75-DC0D-43F2-8F33-5E18F8463C79}"
EndProject
Project("{FAE04EC0-301F-11D3-BF4B-00C04F79EFBC}") = "WcfService1", "WcfService1\WcfService1.csproj", "{661E07D3-B8CA-446F-AA97-B50500C1FE8A}"
EndProject
Project("{FAE04EC0-301F-11D3-BF4B-00C04F79EFBC}") = "WebApp1", "WebApp1\WebApp1.csproj", "{AF468B1C-C9BC-414B-8FF1-D039511AB4F3}"
EndProject
Project("{FAE04EC0-301F-11D3-BF4B-00C04F79EFBC}") = "Ioc.AutofacWebApi2", "Ioc.AutofacWebApi2\Ioc.AutofacWebApi2.csproj", "{3F00B04D-A585-4648-A681-6980EE4697FD}"
EndProject
Project("{FAE04EC0-301F-11D3-BF4B-00C04F79EFBC}") = "Ioc.ClaimsBasicMvc", "Ioc.ClaimsBasicMvc\Ioc.ClaimsBasicMvc.csproj", "{2E3C2D2A-2ACA-4801-834E-5CF14C0D7BB7}"
EndProject
Project("{FAE04EC0-301F-11D3-BF4B-00C04F79EFBC}") = "Ioc.OwinWebApi", "Ioc.OwinWebApi\Ioc.OwinWebApi.csproj", "{634BC8B1-E85D-40D4-9966-FA1D73352E2C}"
EndProject
Project("{FAE04EC0-301F-11D3-BF4B-00C04F79EFBC}") = "Ioc.RedisTest", "Ioc.RedisTest\Ioc.RedisTest.csproj", "{C54A4D48-7C07-47C4-AC77-DEE7F7E14FDA}"
EndProject
Project("{2150E333-8FDC-42A3-9474-1A3956D46DE8}") = "Ioc.RedisWebApi", "Ioc.RedisWebApi", "{CAD26AF7-D4E2-4323-B11A-223250927A6A}"
EndProject
Project("{FAE04EC0-301F-11D3-BF4B-00C04F79EFBC}") = "Redis.Entities", "Redis.Entities\Redis.Entities.csproj", "{0533257B-1797-43F6-AA84-C17644912AA4}"
EndProject
Project("{FAE04EC0-301F-11D3-BF4B-00C04F79EFBC}") = "Redis.DAL", "Redis.DAL\Redis.DAL.csproj", "{84839558-1E88-4E65-8338-DB3F457594D0}"
EndProject
Project("{FAE04EC0-301F-11D3-BF4B-00C04F79EFBC}") = "Redis.IDAL", "Redis.IDAL\Redis.IDAL.csproj", "{C3704C8B-98F5-4153-9D9C-C683C5F3938F}"
EndProject
Project("{FAE04EC0-301F-11D3-BF4B-00C04F79EFBC}") = "Redis.Core", "Redis.Core\Redis.Core.csproj", "{D09A0715-0F68-4047-AAEC-3A13B3D25737}"
EndProject
Project("{FAE04EC0-301F-11D3-BF4B-00C04F79EFBC}") = "Redis.WebUI", "Redis.WebUI\Redis.WebUI.csproj", "{65D4ECEF-D7BE-4C2C-9183-CA7E65073F11}"
EndProject
Global
	GlobalSection(SolutionConfigurationPlatforms) = preSolution
		CD_ROM|Any CPU = CD_ROM|Any CPU
		Debug|Any CPU = Debug|Any CPU
		DVD-5|Any CPU = DVD-5|Any CPU
		Release|Any CPU = Release|Any CPU
		SingleImage|Any CPU = SingleImage|Any CPU
	EndGlobalSection
	GlobalSection(ProjectConfigurationPlatforms) = postSolution
		{094408B7-A693-41AC-91E4-7A832FB5E17C}.CD_ROM|Any CPU.ActiveCfg = Release|Any CPU
		{094408B7-A693-41AC-91E4-7A832FB5E17C}.CD_ROM|Any CPU.Build.0 = Release|Any CPU
		{094408B7-A693-41AC-91E4-7A832FB5E17C}.Debug|Any CPU.ActiveCfg = Debug|Any CPU
		{094408B7-A693-41AC-91E4-7A832FB5E17C}.Debug|Any CPU.Build.0 = Debug|Any CPU
		{094408B7-A693-41AC-91E4-7A832FB5E17C}.DVD-5|Any CPU.ActiveCfg = Debug|Any CPU
		{094408B7-A693-41AC-91E4-7A832FB5E17C}.DVD-5|Any CPU.Build.0 = Debug|Any CPU
		{094408B7-A693-41AC-91E4-7A832FB5E17C}.Release|Any CPU.ActiveCfg = Release|Any CPU
		{094408B7-A693-41AC-91E4-7A832FB5E17C}.Release|Any CPU.Build.0 = Release|Any CPU
		{094408B7-A693-41AC-91E4-7A832FB5E17C}.SingleImage|Any CPU.ActiveCfg = Release|Any CPU
		{094408B7-A693-41AC-91E4-7A832FB5E17C}.SingleImage|Any CPU.Build.0 = Release|Any CPU
		{49E1D790-273C-470E-BB4E-254872AF3D51}.CD_ROM|Any CPU.ActiveCfg = Release|Any CPU
		{49E1D790-273C-470E-BB4E-254872AF3D51}.CD_ROM|Any CPU.Build.0 = Release|Any CPU
		{49E1D790-273C-470E-BB4E-254872AF3D51}.Debug|Any CPU.ActiveCfg = Debug|Any CPU
		{49E1D790-273C-470E-BB4E-254872AF3D51}.Debug|Any CPU.Build.0 = Debug|Any CPU
		{49E1D790-273C-470E-BB4E-254872AF3D51}.DVD-5|Any CPU.ActiveCfg = Debug|Any CPU
		{49E1D790-273C-470E-BB4E-254872AF3D51}.DVD-5|Any CPU.Build.0 = Debug|Any CPU
		{49E1D790-273C-470E-BB4E-254872AF3D51}.Release|Any CPU.ActiveCfg = Release|Any CPU
		{49E1D790-273C-470E-BB4E-254872AF3D51}.Release|Any CPU.Build.0 = Release|Any CPU
		{49E1D790-273C-470E-BB4E-254872AF3D51}.SingleImage|Any CPU.ActiveCfg = Release|Any CPU
		{49E1D790-273C-470E-BB4E-254872AF3D51}.SingleImage|Any CPU.Build.0 = Release|Any CPU
		{0637F5BD-663E-4F79-9CB2-39C2ABCAADAE}.CD_ROM|Any CPU.ActiveCfg = Release|Any CPU
		{0637F5BD-663E-4F79-9CB2-39C2ABCAADAE}.CD_ROM|Any CPU.Build.0 = Release|Any CPU
		{0637F5BD-663E-4F79-9CB2-39C2ABCAADAE}.Debug|Any CPU.ActiveCfg = Debug|Any CPU
		{0637F5BD-663E-4F79-9CB2-39C2ABCAADAE}.Debug|Any CPU.Build.0 = Debug|Any CPU
		{0637F5BD-663E-4F79-9CB2-39C2ABCAADAE}.DVD-5|Any CPU.ActiveCfg = Debug|Any CPU
		{0637F5BD-663E-4F79-9CB2-39C2ABCAADAE}.DVD-5|Any CPU.Build.0 = Debug|Any CPU
		{0637F5BD-663E-4F79-9CB2-39C2ABCAADAE}.Release|Any CPU.ActiveCfg = Release|Any CPU
		{0637F5BD-663E-4F79-9CB2-39C2ABCAADAE}.Release|Any CPU.Build.0 = Release|Any CPU
		{0637F5BD-663E-4F79-9CB2-39C2ABCAADAE}.SingleImage|Any CPU.ActiveCfg = Release|Any CPU
		{0637F5BD-663E-4F79-9CB2-39C2ABCAADAE}.SingleImage|Any CPU.Build.0 = Release|Any CPU
		{26252CE3-896D-4F46-B91F-EBC536396AAC}.CD_ROM|Any CPU.ActiveCfg = Release|Any CPU
		{26252CE3-896D-4F46-B91F-EBC536396AAC}.CD_ROM|Any CPU.Build.0 = Release|Any CPU
		{26252CE3-896D-4F46-B91F-EBC536396AAC}.Debug|Any CPU.ActiveCfg = Debug|Any CPU
		{26252CE3-896D-4F46-B91F-EBC536396AAC}.Debug|Any CPU.Build.0 = Debug|Any CPU
		{26252CE3-896D-4F46-B91F-EBC536396AAC}.DVD-5|Any CPU.ActiveCfg = Debug|Any CPU
		{26252CE3-896D-4F46-B91F-EBC536396AAC}.DVD-5|Any CPU.Build.0 = Debug|Any CPU
		{26252CE3-896D-4F46-B91F-EBC536396AAC}.Release|Any CPU.ActiveCfg = Release|Any CPU
		{26252CE3-896D-4F46-B91F-EBC536396AAC}.Release|Any CPU.Build.0 = Release|Any CPU
		{26252CE3-896D-4F46-B91F-EBC536396AAC}.SingleImage|Any CPU.ActiveCfg = Release|Any CPU
		{26252CE3-896D-4F46-B91F-EBC536396AAC}.SingleImage|Any CPU.Build.0 = Release|Any CPU
		{C2B5CBDD-CB10-4502-B1C7-960F9B95ECF3}.CD_ROM|Any CPU.ActiveCfg = Release|Any CPU
		{C2B5CBDD-CB10-4502-B1C7-960F9B95ECF3}.CD_ROM|Any CPU.Build.0 = Release|Any CPU
		{C2B5CBDD-CB10-4502-B1C7-960F9B95ECF3}.Debug|Any CPU.ActiveCfg = Debug|Any CPU
		{C2B5CBDD-CB10-4502-B1C7-960F9B95ECF3}.Debug|Any CPU.Build.0 = Debug|Any CPU
		{C2B5CBDD-CB10-4502-B1C7-960F9B95ECF3}.DVD-5|Any CPU.ActiveCfg = Debug|Any CPU
		{C2B5CBDD-CB10-4502-B1C7-960F9B95ECF3}.DVD-5|Any CPU.Build.0 = Debug|Any CPU
		{C2B5CBDD-CB10-4502-B1C7-960F9B95ECF3}.Release|Any CPU.ActiveCfg = Release|Any CPU
		{C2B5CBDD-CB10-4502-B1C7-960F9B95ECF3}.Release|Any CPU.Build.0 = Release|Any CPU
		{C2B5CBDD-CB10-4502-B1C7-960F9B95ECF3}.SingleImage|Any CPU.ActiveCfg = Release|Any CPU
		{C2B5CBDD-CB10-4502-B1C7-960F9B95ECF3}.SingleImage|Any CPU.Build.0 = Release|Any CPU
		{B41407DF-CEE6-4F30-93EB-89CD81767FF2}.CD_ROM|Any CPU.ActiveCfg = Release|Any CPU
		{B41407DF-CEE6-4F30-93EB-89CD81767FF2}.CD_ROM|Any CPU.Build.0 = Release|Any CPU
		{B41407DF-CEE6-4F30-93EB-89CD81767FF2}.Debug|Any CPU.ActiveCfg = Debug|Any CPU
		{B41407DF-CEE6-4F30-93EB-89CD81767FF2}.Debug|Any CPU.Build.0 = Debug|Any CPU
		{B41407DF-CEE6-4F30-93EB-89CD81767FF2}.DVD-5|Any CPU.ActiveCfg = Debug|Any CPU
		{B41407DF-CEE6-4F30-93EB-89CD81767FF2}.DVD-5|Any CPU.Build.0 = Debug|Any CPU
		{B41407DF-CEE6-4F30-93EB-89CD81767FF2}.Release|Any CPU.ActiveCfg = Release|Any CPU
		{B41407DF-CEE6-4F30-93EB-89CD81767FF2}.Release|Any CPU.Build.0 = Release|Any CPU
		{B41407DF-CEE6-4F30-93EB-89CD81767FF2}.SingleImage|Any CPU.ActiveCfg = Release|Any CPU
		{B41407DF-CEE6-4F30-93EB-89CD81767FF2}.SingleImage|Any CPU.Build.0 = Release|Any CPU
		{E96DF8F3-3B24-4F0D-9978-9E5D467B1EF6}.CD_ROM|Any CPU.ActiveCfg = Release|Any CPU
		{E96DF8F3-3B24-4F0D-9978-9E5D467B1EF6}.CD_ROM|Any CPU.Build.0 = Release|Any CPU
		{E96DF8F3-3B24-4F0D-9978-9E5D467B1EF6}.Debug|Any CPU.ActiveCfg = Debug|Any CPU
		{E96DF8F3-3B24-4F0D-9978-9E5D467B1EF6}.Debug|Any CPU.Build.0 = Debug|Any CPU
		{E96DF8F3-3B24-4F0D-9978-9E5D467B1EF6}.DVD-5|Any CPU.ActiveCfg = Debug|Any CPU
		{E96DF8F3-3B24-4F0D-9978-9E5D467B1EF6}.DVD-5|Any CPU.Build.0 = Debug|Any CPU
		{E96DF8F3-3B24-4F0D-9978-9E5D467B1EF6}.Release|Any CPU.ActiveCfg = Release|Any CPU
		{E96DF8F3-3B24-4F0D-9978-9E5D467B1EF6}.Release|Any CPU.Build.0 = Release|Any CPU
		{E96DF8F3-3B24-4F0D-9978-9E5D467B1EF6}.SingleImage|Any CPU.ActiveCfg = Release|Any CPU
		{E96DF8F3-3B24-4F0D-9978-9E5D467B1EF6}.SingleImage|Any CPU.Build.0 = Release|Any CPU
		{B125CA43-F5A3-4FD6-90CA-60A0BE29A4AF}.CD_ROM|Any CPU.ActiveCfg = Release|Any CPU
		{B125CA43-F5A3-4FD6-90CA-60A0BE29A4AF}.CD_ROM|Any CPU.Build.0 = Release|Any CPU
		{B125CA43-F5A3-4FD6-90CA-60A0BE29A4AF}.Debug|Any CPU.ActiveCfg = Debug|Any CPU
		{B125CA43-F5A3-4FD6-90CA-60A0BE29A4AF}.Debug|Any CPU.Build.0 = Debug|Any CPU
		{B125CA43-F5A3-4FD6-90CA-60A0BE29A4AF}.DVD-5|Any CPU.ActiveCfg = Debug|Any CPU
		{B125CA43-F5A3-4FD6-90CA-60A0BE29A4AF}.DVD-5|Any CPU.Build.0 = Debug|Any CPU
		{B125CA43-F5A3-4FD6-90CA-60A0BE29A4AF}.Release|Any CPU.ActiveCfg = Release|Any CPU
		{B125CA43-F5A3-4FD6-90CA-60A0BE29A4AF}.Release|Any CPU.Build.0 = Release|Any CPU
		{B125CA43-F5A3-4FD6-90CA-60A0BE29A4AF}.SingleImage|Any CPU.ActiveCfg = Release|Any CPU
		{B125CA43-F5A3-4FD6-90CA-60A0BE29A4AF}.SingleImage|Any CPU.Build.0 = Release|Any CPU
		{25D45903-37B3-445F-9042-F2A5E79E1415}.CD_ROM|Any CPU.ActiveCfg = Release|Any CPU
		{25D45903-37B3-445F-9042-F2A5E79E1415}.CD_ROM|Any CPU.Build.0 = Release|Any CPU
		{25D45903-37B3-445F-9042-F2A5E79E1415}.Debug|Any CPU.ActiveCfg = Debug|Any CPU
		{25D45903-37B3-445F-9042-F2A5E79E1415}.Debug|Any CPU.Build.0 = Debug|Any CPU
		{25D45903-37B3-445F-9042-F2A5E79E1415}.DVD-5|Any CPU.ActiveCfg = Debug|Any CPU
		{25D45903-37B3-445F-9042-F2A5E79E1415}.DVD-5|Any CPU.Build.0 = Debug|Any CPU
		{25D45903-37B3-445F-9042-F2A5E79E1415}.Release|Any CPU.ActiveCfg = Release|Any CPU
		{25D45903-37B3-445F-9042-F2A5E79E1415}.Release|Any CPU.Build.0 = Release|Any CPU
		{25D45903-37B3-445F-9042-F2A5E79E1415}.SingleImage|Any CPU.ActiveCfg = Release|Any CPU
		{25D45903-37B3-445F-9042-F2A5E79E1415}.SingleImage|Any CPU.Build.0 = Release|Any CPU
		{2482DBF7-A8D3-415D-8524-03BC84D74100}.CD_ROM|Any CPU.ActiveCfg = Release|Any CPU
		{2482DBF7-A8D3-415D-8524-03BC84D74100}.CD_ROM|Any CPU.Build.0 = Release|Any CPU
		{2482DBF7-A8D3-415D-8524-03BC84D74100}.Debug|Any CPU.ActiveCfg = Debug|Any CPU
		{2482DBF7-A8D3-415D-8524-03BC84D74100}.Debug|Any CPU.Build.0 = Debug|Any CPU
		{2482DBF7-A8D3-415D-8524-03BC84D74100}.DVD-5|Any CPU.ActiveCfg = Debug|Any CPU
		{2482DBF7-A8D3-415D-8524-03BC84D74100}.DVD-5|Any CPU.Build.0 = Debug|Any CPU
		{2482DBF7-A8D3-415D-8524-03BC84D74100}.Release|Any CPU.ActiveCfg = Release|Any CPU
		{2482DBF7-A8D3-415D-8524-03BC84D74100}.Release|Any CPU.Build.0 = Release|Any CPU
		{2482DBF7-A8D3-415D-8524-03BC84D74100}.SingleImage|Any CPU.ActiveCfg = Release|Any CPU
		{2482DBF7-A8D3-415D-8524-03BC84D74100}.SingleImage|Any CPU.Build.0 = Release|Any CPU
		{8BED268B-EF1F-4CE6-B48A-EC760EDB7D05}.CD_ROM|Any CPU.ActiveCfg = Release|Any CPU
		{8BED268B-EF1F-4CE6-B48A-EC760EDB7D05}.CD_ROM|Any CPU.Build.0 = Release|Any CPU
		{8BED268B-EF1F-4CE6-B48A-EC760EDB7D05}.Debug|Any CPU.ActiveCfg = Debug|Any CPU
		{8BED268B-EF1F-4CE6-B48A-EC760EDB7D05}.Debug|Any CPU.Build.0 = Debug|Any CPU
		{8BED268B-EF1F-4CE6-B48A-EC760EDB7D05}.DVD-5|Any CPU.ActiveCfg = Debug|Any CPU
		{8BED268B-EF1F-4CE6-B48A-EC760EDB7D05}.DVD-5|Any CPU.Build.0 = Debug|Any CPU
		{8BED268B-EF1F-4CE6-B48A-EC760EDB7D05}.Release|Any CPU.ActiveCfg = Release|Any CPU
		{8BED268B-EF1F-4CE6-B48A-EC760EDB7D05}.Release|Any CPU.Build.0 = Release|Any CPU
		{8BED268B-EF1F-4CE6-B48A-EC760EDB7D05}.SingleImage|Any CPU.ActiveCfg = Release|Any CPU
		{8BED268B-EF1F-4CE6-B48A-EC760EDB7D05}.SingleImage|Any CPU.Build.0 = Release|Any CPU
		{B8BDB464-6121-468B-A888-C1A1040A7AA1}.CD_ROM|Any CPU.ActiveCfg = Release|Any CPU
		{B8BDB464-6121-468B-A888-C1A1040A7AA1}.CD_ROM|Any CPU.Build.0 = Release|Any CPU
		{B8BDB464-6121-468B-A888-C1A1040A7AA1}.Debug|Any CPU.ActiveCfg = Debug|Any CPU
		{B8BDB464-6121-468B-A888-C1A1040A7AA1}.Debug|Any CPU.Build.0 = Debug|Any CPU
		{B8BDB464-6121-468B-A888-C1A1040A7AA1}.DVD-5|Any CPU.ActiveCfg = Debug|Any CPU
		{B8BDB464-6121-468B-A888-C1A1040A7AA1}.DVD-5|Any CPU.Build.0 = Debug|Any CPU
		{B8BDB464-6121-468B-A888-C1A1040A7AA1}.Release|Any CPU.ActiveCfg = Release|Any CPU
		{B8BDB464-6121-468B-A888-C1A1040A7AA1}.Release|Any CPU.Build.0 = Release|Any CPU
		{B8BDB464-6121-468B-A888-C1A1040A7AA1}.SingleImage|Any CPU.ActiveCfg = Release|Any CPU
		{B8BDB464-6121-468B-A888-C1A1040A7AA1}.SingleImage|Any CPU.Build.0 = Release|Any CPU
		{9697A0A2-A424-49B4-850F-3981A31EAAD6}.CD_ROM|Any CPU.ActiveCfg = Release|Any CPU
		{9697A0A2-A424-49B4-850F-3981A31EAAD6}.CD_ROM|Any CPU.Build.0 = Release|Any CPU
		{9697A0A2-A424-49B4-850F-3981A31EAAD6}.Debug|Any CPU.ActiveCfg = Debug|Any CPU
		{9697A0A2-A424-49B4-850F-3981A31EAAD6}.Debug|Any CPU.Build.0 = Debug|Any CPU
		{9697A0A2-A424-49B4-850F-3981A31EAAD6}.DVD-5|Any CPU.ActiveCfg = Debug|Any CPU
		{9697A0A2-A424-49B4-850F-3981A31EAAD6}.DVD-5|Any CPU.Build.0 = Debug|Any CPU
		{9697A0A2-A424-49B4-850F-3981A31EAAD6}.Release|Any CPU.ActiveCfg = Release|Any CPU
		{9697A0A2-A424-49B4-850F-3981A31EAAD6}.Release|Any CPU.Build.0 = Release|Any CPU
		{9697A0A2-A424-49B4-850F-3981A31EAAD6}.SingleImage|Any CPU.ActiveCfg = Release|Any CPU
		{9697A0A2-A424-49B4-850F-3981A31EAAD6}.SingleImage|Any CPU.Build.0 = Release|Any CPU
		{59AD7563-BFB0-40F0-9813-59285F4272E8}.CD_ROM|Any CPU.ActiveCfg = Release|Any CPU
		{59AD7563-BFB0-40F0-9813-59285F4272E8}.CD_ROM|Any CPU.Build.0 = Release|Any CPU
		{59AD7563-BFB0-40F0-9813-59285F4272E8}.Debug|Any CPU.ActiveCfg = Debug|Any CPU
		{59AD7563-BFB0-40F0-9813-59285F4272E8}.Debug|Any CPU.Build.0 = Debug|Any CPU
		{59AD7563-BFB0-40F0-9813-59285F4272E8}.DVD-5|Any CPU.ActiveCfg = Debug|Any CPU
		{59AD7563-BFB0-40F0-9813-59285F4272E8}.DVD-5|Any CPU.Build.0 = Debug|Any CPU
		{59AD7563-BFB0-40F0-9813-59285F4272E8}.Release|Any CPU.ActiveCfg = Release|Any CPU
		{59AD7563-BFB0-40F0-9813-59285F4272E8}.Release|Any CPU.Build.0 = Release|Any CPU
		{59AD7563-BFB0-40F0-9813-59285F4272E8}.SingleImage|Any CPU.ActiveCfg = Release|Any CPU
		{59AD7563-BFB0-40F0-9813-59285F4272E8}.SingleImage|Any CPU.Build.0 = Release|Any CPU
		{63D0DEC8-D4BD-4BE8-AF47-C6C04FCD7F23}.CD_ROM|Any CPU.ActiveCfg = Release|Any CPU
		{63D0DEC8-D4BD-4BE8-AF47-C6C04FCD7F23}.CD_ROM|Any CPU.Build.0 = Release|Any CPU
		{63D0DEC8-D4BD-4BE8-AF47-C6C04FCD7F23}.Debug|Any CPU.ActiveCfg = Debug|Any CPU
		{63D0DEC8-D4BD-4BE8-AF47-C6C04FCD7F23}.Debug|Any CPU.Build.0 = Debug|Any CPU
		{63D0DEC8-D4BD-4BE8-AF47-C6C04FCD7F23}.DVD-5|Any CPU.ActiveCfg = Debug|Any CPU
		{63D0DEC8-D4BD-4BE8-AF47-C6C04FCD7F23}.DVD-5|Any CPU.Build.0 = Debug|Any CPU
		{63D0DEC8-D4BD-4BE8-AF47-C6C04FCD7F23}.Release|Any CPU.ActiveCfg = Release|Any CPU
		{63D0DEC8-D4BD-4BE8-AF47-C6C04FCD7F23}.Release|Any CPU.Build.0 = Release|Any CPU
		{63D0DEC8-D4BD-4BE8-AF47-C6C04FCD7F23}.SingleImage|Any CPU.ActiveCfg = Release|Any CPU
		{63D0DEC8-D4BD-4BE8-AF47-C6C04FCD7F23}.SingleImage|Any CPU.Build.0 = Release|Any CPU
		{29D9A171-BE44-4ED1-80D8-19DBA316A3BA}.CD_ROM|Any CPU.ActiveCfg = Release|Any CPU
		{29D9A171-BE44-4ED1-80D8-19DBA316A3BA}.CD_ROM|Any CPU.Build.0 = Release|Any CPU
		{29D9A171-BE44-4ED1-80D8-19DBA316A3BA}.Debug|Any CPU.ActiveCfg = Debug|Any CPU
		{29D9A171-BE44-4ED1-80D8-19DBA316A3BA}.Debug|Any CPU.Build.0 = Debug|Any CPU
		{29D9A171-BE44-4ED1-80D8-19DBA316A3BA}.DVD-5|Any CPU.ActiveCfg = Debug|Any CPU
		{29D9A171-BE44-4ED1-80D8-19DBA316A3BA}.DVD-5|Any CPU.Build.0 = Debug|Any CPU
		{29D9A171-BE44-4ED1-80D8-19DBA316A3BA}.Release|Any CPU.ActiveCfg = Release|Any CPU
		{29D9A171-BE44-4ED1-80D8-19DBA316A3BA}.Release|Any CPU.Build.0 = Release|Any CPU
		{29D9A171-BE44-4ED1-80D8-19DBA316A3BA}.SingleImage|Any CPU.ActiveCfg = Release|Any CPU
		{29D9A171-BE44-4ED1-80D8-19DBA316A3BA}.SingleImage|Any CPU.Build.0 = Release|Any CPU
		{F8F71A34-A0CE-40A8-A440-7BA37676C7CC}.CD_ROM|Any CPU.ActiveCfg = Release|Any CPU
		{F8F71A34-A0CE-40A8-A440-7BA37676C7CC}.CD_ROM|Any CPU.Build.0 = Release|Any CPU
		{F8F71A34-A0CE-40A8-A440-7BA37676C7CC}.Debug|Any CPU.ActiveCfg = Debug|Any CPU
		{F8F71A34-A0CE-40A8-A440-7BA37676C7CC}.Debug|Any CPU.Build.0 = Debug|Any CPU
		{F8F71A34-A0CE-40A8-A440-7BA37676C7CC}.DVD-5|Any CPU.ActiveCfg = Debug|Any CPU
		{F8F71A34-A0CE-40A8-A440-7BA37676C7CC}.DVD-5|Any CPU.Build.0 = Debug|Any CPU
		{F8F71A34-A0CE-40A8-A440-7BA37676C7CC}.Release|Any CPU.ActiveCfg = Release|Any CPU
		{F8F71A34-A0CE-40A8-A440-7BA37676C7CC}.Release|Any CPU.Build.0 = Release|Any CPU
		{F8F71A34-A0CE-40A8-A440-7BA37676C7CC}.SingleImage|Any CPU.ActiveCfg = Release|Any CPU
		{F8F71A34-A0CE-40A8-A440-7BA37676C7CC}.SingleImage|Any CPU.Build.0 = Release|Any CPU
		{1FE3D9FA-97BF-49D5-B491-837365195E3C}.CD_ROM|Any CPU.ActiveCfg = Release|Any CPU
		{1FE3D9FA-97BF-49D5-B491-837365195E3C}.CD_ROM|Any CPU.Build.0 = Release|Any CPU
		{1FE3D9FA-97BF-49D5-B491-837365195E3C}.Debug|Any CPU.ActiveCfg = Debug|Any CPU
		{1FE3D9FA-97BF-49D5-B491-837365195E3C}.Debug|Any CPU.Build.0 = Debug|Any CPU
		{1FE3D9FA-97BF-49D5-B491-837365195E3C}.DVD-5|Any CPU.ActiveCfg = Debug|Any CPU
		{1FE3D9FA-97BF-49D5-B491-837365195E3C}.DVD-5|Any CPU.Build.0 = Debug|Any CPU
		{1FE3D9FA-97BF-49D5-B491-837365195E3C}.Release|Any CPU.ActiveCfg = Release|Any CPU
		{1FE3D9FA-97BF-49D5-B491-837365195E3C}.Release|Any CPU.Build.0 = Release|Any CPU
		{1FE3D9FA-97BF-49D5-B491-837365195E3C}.SingleImage|Any CPU.ActiveCfg = Release|Any CPU
		{1FE3D9FA-97BF-49D5-B491-837365195E3C}.SingleImage|Any CPU.Build.0 = Release|Any CPU
		{B20BD0AA-C898-4365-B8E1-92ADA65AFBEE}.CD_ROM|Any CPU.ActiveCfg = Release|Any CPU
		{B20BD0AA-C898-4365-B8E1-92ADA65AFBEE}.CD_ROM|Any CPU.Build.0 = Release|Any CPU
		{B20BD0AA-C898-4365-B8E1-92ADA65AFBEE}.Debug|Any CPU.ActiveCfg = Debug|Any CPU
		{B20BD0AA-C898-4365-B8E1-92ADA65AFBEE}.Debug|Any CPU.Build.0 = Debug|Any CPU
		{B20BD0AA-C898-4365-B8E1-92ADA65AFBEE}.DVD-5|Any CPU.ActiveCfg = Debug|Any CPU
		{B20BD0AA-C898-4365-B8E1-92ADA65AFBEE}.DVD-5|Any CPU.Build.0 = Debug|Any CPU
		{B20BD0AA-C898-4365-B8E1-92ADA65AFBEE}.Release|Any CPU.ActiveCfg = Release|Any CPU
		{B20BD0AA-C898-4365-B8E1-92ADA65AFBEE}.Release|Any CPU.Build.0 = Release|Any CPU
		{B20BD0AA-C898-4365-B8E1-92ADA65AFBEE}.SingleImage|Any CPU.ActiveCfg = Release|Any CPU
		{B20BD0AA-C898-4365-B8E1-92ADA65AFBEE}.SingleImage|Any CPU.Build.0 = Release|Any CPU
		{B331738F-2438-4566-9AD2-F5F2777F0E10}.CD_ROM|Any CPU.ActiveCfg = Release|Any CPU
		{B331738F-2438-4566-9AD2-F5F2777F0E10}.CD_ROM|Any CPU.Build.0 = Release|Any CPU
		{B331738F-2438-4566-9AD2-F5F2777F0E10}.Debug|Any CPU.ActiveCfg = Debug|Any CPU
		{B331738F-2438-4566-9AD2-F5F2777F0E10}.Debug|Any CPU.Build.0 = Debug|Any CPU
		{B331738F-2438-4566-9AD2-F5F2777F0E10}.DVD-5|Any CPU.ActiveCfg = Debug|Any CPU
		{B331738F-2438-4566-9AD2-F5F2777F0E10}.DVD-5|Any CPU.Build.0 = Debug|Any CPU
		{B331738F-2438-4566-9AD2-F5F2777F0E10}.Release|Any CPU.ActiveCfg = Release|Any CPU
		{B331738F-2438-4566-9AD2-F5F2777F0E10}.Release|Any CPU.Build.0 = Release|Any CPU
		{B331738F-2438-4566-9AD2-F5F2777F0E10}.SingleImage|Any CPU.ActiveCfg = Release|Any CPU
		{B331738F-2438-4566-9AD2-F5F2777F0E10}.SingleImage|Any CPU.Build.0 = Release|Any CPU
		{F56DDA7B-DA88-457A-B850-5980A0C51467}.CD_ROM|Any CPU.ActiveCfg = Release|Any CPU
		{F56DDA7B-DA88-457A-B850-5980A0C51467}.CD_ROM|Any CPU.Build.0 = Release|Any CPU
		{F56DDA7B-DA88-457A-B850-5980A0C51467}.Debug|Any CPU.ActiveCfg = Debug|Any CPU
		{F56DDA7B-DA88-457A-B850-5980A0C51467}.Debug|Any CPU.Build.0 = Debug|Any CPU
		{F56DDA7B-DA88-457A-B850-5980A0C51467}.DVD-5|Any CPU.ActiveCfg = Debug|Any CPU
		{F56DDA7B-DA88-457A-B850-5980A0C51467}.DVD-5|Any CPU.Build.0 = Debug|Any CPU
		{F56DDA7B-DA88-457A-B850-5980A0C51467}.Release|Any CPU.ActiveCfg = Release|Any CPU
		{F56DDA7B-DA88-457A-B850-5980A0C51467}.Release|Any CPU.Build.0 = Release|Any CPU
		{F56DDA7B-DA88-457A-B850-5980A0C51467}.SingleImage|Any CPU.ActiveCfg = Release|Any CPU
		{F56DDA7B-DA88-457A-B850-5980A0C51467}.SingleImage|Any CPU.Build.0 = Release|Any CPU
		{C1F6484C-58A3-425C-A4A8-386CBA6A6821}.CD_ROM|Any CPU.ActiveCfg = Release|Any CPU
		{C1F6484C-58A3-425C-A4A8-386CBA6A6821}.CD_ROM|Any CPU.Build.0 = Release|Any CPU
		{C1F6484C-58A3-425C-A4A8-386CBA6A6821}.Debug|Any CPU.ActiveCfg = Debug|Any CPU
		{C1F6484C-58A3-425C-A4A8-386CBA6A6821}.Debug|Any CPU.Build.0 = Debug|Any CPU
		{C1F6484C-58A3-425C-A4A8-386CBA6A6821}.DVD-5|Any CPU.ActiveCfg = Debug|Any CPU
		{C1F6484C-58A3-425C-A4A8-386CBA6A6821}.DVD-5|Any CPU.Build.0 = Debug|Any CPU
		{C1F6484C-58A3-425C-A4A8-386CBA6A6821}.Release|Any CPU.ActiveCfg = Release|Any CPU
		{C1F6484C-58A3-425C-A4A8-386CBA6A6821}.Release|Any CPU.Build.0 = Release|Any CPU
		{C1F6484C-58A3-425C-A4A8-386CBA6A6821}.SingleImage|Any CPU.ActiveCfg = Release|Any CPU
		{C1F6484C-58A3-425C-A4A8-386CBA6A6821}.SingleImage|Any CPU.Build.0 = Release|Any CPU
		{FEA6C656-E1DE-4029-9E8C-1D8236ABB8A9}.CD_ROM|Any CPU.ActiveCfg = Release|Any CPU
		{FEA6C656-E1DE-4029-9E8C-1D8236ABB8A9}.CD_ROM|Any CPU.Build.0 = Release|Any CPU
		{FEA6C656-E1DE-4029-9E8C-1D8236ABB8A9}.Debug|Any CPU.ActiveCfg = Debug|Any CPU
		{FEA6C656-E1DE-4029-9E8C-1D8236ABB8A9}.Debug|Any CPU.Build.0 = Debug|Any CPU
		{FEA6C656-E1DE-4029-9E8C-1D8236ABB8A9}.DVD-5|Any CPU.ActiveCfg = Debug|Any CPU
		{FEA6C656-E1DE-4029-9E8C-1D8236ABB8A9}.DVD-5|Any CPU.Build.0 = Debug|Any CPU
		{FEA6C656-E1DE-4029-9E8C-1D8236ABB8A9}.Release|Any CPU.ActiveCfg = Release|Any CPU
		{FEA6C656-E1DE-4029-9E8C-1D8236ABB8A9}.Release|Any CPU.Build.0 = Release|Any CPU
		{FEA6C656-E1DE-4029-9E8C-1D8236ABB8A9}.SingleImage|Any CPU.ActiveCfg = Release|Any CPU
		{FEA6C656-E1DE-4029-9E8C-1D8236ABB8A9}.SingleImage|Any CPU.Build.0 = Release|Any CPU
		{695EA167-5E0A-4593-9868-F0D7E639AFDE}.CD_ROM|Any CPU.ActiveCfg = Release|Any CPU
		{695EA167-5E0A-4593-9868-F0D7E639AFDE}.CD_ROM|Any CPU.Build.0 = Release|Any CPU
		{695EA167-5E0A-4593-9868-F0D7E639AFDE}.Debug|Any CPU.ActiveCfg = Debug|Any CPU
		{695EA167-5E0A-4593-9868-F0D7E639AFDE}.Debug|Any CPU.Build.0 = Debug|Any CPU
		{695EA167-5E0A-4593-9868-F0D7E639AFDE}.DVD-5|Any CPU.ActiveCfg = Debug|Any CPU
		{695EA167-5E0A-4593-9868-F0D7E639AFDE}.DVD-5|Any CPU.Build.0 = Debug|Any CPU
		{695EA167-5E0A-4593-9868-F0D7E639AFDE}.Release|Any CPU.ActiveCfg = Release|Any CPU
		{695EA167-5E0A-4593-9868-F0D7E639AFDE}.Release|Any CPU.Build.0 = Release|Any CPU
		{695EA167-5E0A-4593-9868-F0D7E639AFDE}.SingleImage|Any CPU.ActiveCfg = Release|Any CPU
		{695EA167-5E0A-4593-9868-F0D7E639AFDE}.SingleImage|Any CPU.Build.0 = Release|Any CPU
		{FFEFD279-5D9E-4C0C-A880-D253EE498568}.CD_ROM|Any CPU.ActiveCfg = Release|Any CPU
		{FFEFD279-5D9E-4C0C-A880-D253EE498568}.CD_ROM|Any CPU.Build.0 = Release|Any CPU
		{FFEFD279-5D9E-4C0C-A880-D253EE498568}.Debug|Any CPU.ActiveCfg = Debug|Any CPU
		{FFEFD279-5D9E-4C0C-A880-D253EE498568}.Debug|Any CPU.Build.0 = Debug|Any CPU
		{FFEFD279-5D9E-4C0C-A880-D253EE498568}.DVD-5|Any CPU.ActiveCfg = Debug|Any CPU
		{FFEFD279-5D9E-4C0C-A880-D253EE498568}.DVD-5|Any CPU.Build.0 = Debug|Any CPU
		{FFEFD279-5D9E-4C0C-A880-D253EE498568}.Release|Any CPU.ActiveCfg = Release|Any CPU
		{FFEFD279-5D9E-4C0C-A880-D253EE498568}.Release|Any CPU.Build.0 = Release|Any CPU
		{FFEFD279-5D9E-4C0C-A880-D253EE498568}.SingleImage|Any CPU.ActiveCfg = Release|Any CPU
		{FFEFD279-5D9E-4C0C-A880-D253EE498568}.SingleImage|Any CPU.Build.0 = Release|Any CPU
		{3C2D0904-289D-4270-BB79-D759626F2F82}.CD_ROM|Any CPU.ActiveCfg = Release|Any CPU
		{3C2D0904-289D-4270-BB79-D759626F2F82}.CD_ROM|Any CPU.Build.0 = Release|Any CPU
		{3C2D0904-289D-4270-BB79-D759626F2F82}.Debug|Any CPU.ActiveCfg = Debug|Any CPU
		{3C2D0904-289D-4270-BB79-D759626F2F82}.Debug|Any CPU.Build.0 = Debug|Any CPU
		{3C2D0904-289D-4270-BB79-D759626F2F82}.DVD-5|Any CPU.ActiveCfg = Debug|Any CPU
		{3C2D0904-289D-4270-BB79-D759626F2F82}.DVD-5|Any CPU.Build.0 = Debug|Any CPU
		{3C2D0904-289D-4270-BB79-D759626F2F82}.Release|Any CPU.ActiveCfg = Release|Any CPU
		{3C2D0904-289D-4270-BB79-D759626F2F82}.Release|Any CPU.Build.0 = Release|Any CPU
		{3C2D0904-289D-4270-BB79-D759626F2F82}.SingleImage|Any CPU.ActiveCfg = Release|Any CPU
		{3C2D0904-289D-4270-BB79-D759626F2F82}.SingleImage|Any CPU.Build.0 = Release|Any CPU
		{E8385247-E200-4280-8B49-5DF48475A1A5}.CD_ROM|Any CPU.ActiveCfg = Release|Any CPU
		{E8385247-E200-4280-8B49-5DF48475A1A5}.CD_ROM|Any CPU.Build.0 = Release|Any CPU
		{E8385247-E200-4280-8B49-5DF48475A1A5}.Debug|Any CPU.ActiveCfg = Debug|Any CPU
		{E8385247-E200-4280-8B49-5DF48475A1A5}.Debug|Any CPU.Build.0 = Debug|Any CPU
		{E8385247-E200-4280-8B49-5DF48475A1A5}.DVD-5|Any CPU.ActiveCfg = Debug|Any CPU
		{E8385247-E200-4280-8B49-5DF48475A1A5}.DVD-5|Any CPU.Build.0 = Debug|Any CPU
		{E8385247-E200-4280-8B49-5DF48475A1A5}.Release|Any CPU.ActiveCfg = Release|Any CPU
		{E8385247-E200-4280-8B49-5DF48475A1A5}.Release|Any CPU.Build.0 = Release|Any CPU
		{E8385247-E200-4280-8B49-5DF48475A1A5}.SingleImage|Any CPU.ActiveCfg = Release|Any CPU
		{E8385247-E200-4280-8B49-5DF48475A1A5}.SingleImage|Any CPU.Build.0 = Release|Any CPU
		{F401A88C-78B7-4E7C-ADE1-40484285BC8A}.CD_ROM|Any CPU.ActiveCfg = Release|Any CPU
		{F401A88C-78B7-4E7C-ADE1-40484285BC8A}.CD_ROM|Any CPU.Build.0 = Release|Any CPU
		{F401A88C-78B7-4E7C-ADE1-40484285BC8A}.Debug|Any CPU.ActiveCfg = Debug|Any CPU
		{F401A88C-78B7-4E7C-ADE1-40484285BC8A}.Debug|Any CPU.Build.0 = Debug|Any CPU
		{F401A88C-78B7-4E7C-ADE1-40484285BC8A}.DVD-5|Any CPU.ActiveCfg = Debug|Any CPU
		{F401A88C-78B7-4E7C-ADE1-40484285BC8A}.DVD-5|Any CPU.Build.0 = Debug|Any CPU
		{F401A88C-78B7-4E7C-ADE1-40484285BC8A}.Release|Any CPU.ActiveCfg = Release|Any CPU
		{F401A88C-78B7-4E7C-ADE1-40484285BC8A}.Release|Any CPU.Build.0 = Release|Any CPU
		{F401A88C-78B7-4E7C-ADE1-40484285BC8A}.SingleImage|Any CPU.ActiveCfg = Release|Any CPU
		{F401A88C-78B7-4E7C-ADE1-40484285BC8A}.SingleImage|Any CPU.Build.0 = Release|Any CPU
		{B3E92F41-7FFA-457F-B00B-491760BD580B}.CD_ROM|Any CPU.ActiveCfg = Release|Any CPU
		{B3E92F41-7FFA-457F-B00B-491760BD580B}.CD_ROM|Any CPU.Build.0 = Release|Any CPU
		{B3E92F41-7FFA-457F-B00B-491760BD580B}.Debug|Any CPU.ActiveCfg = Debug|Any CPU
		{B3E92F41-7FFA-457F-B00B-491760BD580B}.Debug|Any CPU.Build.0 = Debug|Any CPU
		{B3E92F41-7FFA-457F-B00B-491760BD580B}.DVD-5|Any CPU.ActiveCfg = Debug|Any CPU
		{B3E92F41-7FFA-457F-B00B-491760BD580B}.DVD-5|Any CPU.Build.0 = Debug|Any CPU
		{B3E92F41-7FFA-457F-B00B-491760BD580B}.Release|Any CPU.ActiveCfg = Release|Any CPU
		{B3E92F41-7FFA-457F-B00B-491760BD580B}.Release|Any CPU.Build.0 = Release|Any CPU
		{B3E92F41-7FFA-457F-B00B-491760BD580B}.SingleImage|Any CPU.ActiveCfg = Release|Any CPU
		{B3E92F41-7FFA-457F-B00B-491760BD580B}.SingleImage|Any CPU.Build.0 = Release|Any CPU
		{2BF076A7-EAD0-460C-8F3C-C678961F0B1F}.CD_ROM|Any CPU.ActiveCfg = Release|Any CPU
		{2BF076A7-EAD0-460C-8F3C-C678961F0B1F}.CD_ROM|Any CPU.Build.0 = Release|Any CPU
		{2BF076A7-EAD0-460C-8F3C-C678961F0B1F}.Debug|Any CPU.ActiveCfg = Debug|Any CPU
		{2BF076A7-EAD0-460C-8F3C-C678961F0B1F}.Debug|Any CPU.Build.0 = Debug|Any CPU
		{2BF076A7-EAD0-460C-8F3C-C678961F0B1F}.DVD-5|Any CPU.ActiveCfg = Debug|Any CPU
		{2BF076A7-EAD0-460C-8F3C-C678961F0B1F}.DVD-5|Any CPU.Build.0 = Debug|Any CPU
		{2BF076A7-EAD0-460C-8F3C-C678961F0B1F}.Release|Any CPU.ActiveCfg = Release|Any CPU
		{2BF076A7-EAD0-460C-8F3C-C678961F0B1F}.Release|Any CPU.Build.0 = Release|Any CPU
		{2BF076A7-EAD0-460C-8F3C-C678961F0B1F}.SingleImage|Any CPU.ActiveCfg = Release|Any CPU
		{2BF076A7-EAD0-460C-8F3C-C678961F0B1F}.SingleImage|Any CPU.Build.0 = Release|Any CPU
		{6F3ECCC6-FD7E-45D8-90A3-8E498197EF90}.CD_ROM|Any CPU.ActiveCfg = Release|Any CPU
		{6F3ECCC6-FD7E-45D8-90A3-8E498197EF90}.CD_ROM|Any CPU.Build.0 = Release|Any CPU
		{6F3ECCC6-FD7E-45D8-90A3-8E498197EF90}.Debug|Any CPU.ActiveCfg = Debug|Any CPU
		{6F3ECCC6-FD7E-45D8-90A3-8E498197EF90}.Debug|Any CPU.Build.0 = Debug|Any CPU
		{6F3ECCC6-FD7E-45D8-90A3-8E498197EF90}.DVD-5|Any CPU.ActiveCfg = Debug|Any CPU
		{6F3ECCC6-FD7E-45D8-90A3-8E498197EF90}.DVD-5|Any CPU.Build.0 = Debug|Any CPU
		{6F3ECCC6-FD7E-45D8-90A3-8E498197EF90}.Release|Any CPU.ActiveCfg = Release|Any CPU
		{6F3ECCC6-FD7E-45D8-90A3-8E498197EF90}.Release|Any CPU.Build.0 = Release|Any CPU
		{6F3ECCC6-FD7E-45D8-90A3-8E498197EF90}.SingleImage|Any CPU.ActiveCfg = Release|Any CPU
		{6F3ECCC6-FD7E-45D8-90A3-8E498197EF90}.SingleImage|Any CPU.Build.0 = Release|Any CPU
		{454D40E9-DBA0-408F-8516-C9FB16FB736A}.CD_ROM|Any CPU.ActiveCfg = Release|Any CPU
		{454D40E9-DBA0-408F-8516-C9FB16FB736A}.CD_ROM|Any CPU.Build.0 = Release|Any CPU
		{454D40E9-DBA0-408F-8516-C9FB16FB736A}.Debug|Any CPU.ActiveCfg = Debug|Any CPU
		{454D40E9-DBA0-408F-8516-C9FB16FB736A}.Debug|Any CPU.Build.0 = Debug|Any CPU
		{454D40E9-DBA0-408F-8516-C9FB16FB736A}.DVD-5|Any CPU.ActiveCfg = Debug|Any CPU
		{454D40E9-DBA0-408F-8516-C9FB16FB736A}.DVD-5|Any CPU.Build.0 = Debug|Any CPU
		{454D40E9-DBA0-408F-8516-C9FB16FB736A}.Release|Any CPU.ActiveCfg = Release|Any CPU
		{454D40E9-DBA0-408F-8516-C9FB16FB736A}.Release|Any CPU.Build.0 = Release|Any CPU
		{454D40E9-DBA0-408F-8516-C9FB16FB736A}.SingleImage|Any CPU.ActiveCfg = Release|Any CPU
		{454D40E9-DBA0-408F-8516-C9FB16FB736A}.SingleImage|Any CPU.Build.0 = Release|Any CPU
		{E4D00A75-DC0D-43F2-8F33-5E18F8463C79}.CD_ROM|Any CPU.ActiveCfg = Release|Any CPU
		{E4D00A75-DC0D-43F2-8F33-5E18F8463C79}.CD_ROM|Any CPU.Build.0 = Release|Any CPU
		{E4D00A75-DC0D-43F2-8F33-5E18F8463C79}.Debug|Any CPU.ActiveCfg = Debug|Any CPU
		{E4D00A75-DC0D-43F2-8F33-5E18F8463C79}.Debug|Any CPU.Build.0 = Debug|Any CPU
		{E4D00A75-DC0D-43F2-8F33-5E18F8463C79}.DVD-5|Any CPU.ActiveCfg = Debug|Any CPU
		{E4D00A75-DC0D-43F2-8F33-5E18F8463C79}.DVD-5|Any CPU.Build.0 = Debug|Any CPU
		{E4D00A75-DC0D-43F2-8F33-5E18F8463C79}.Release|Any CPU.ActiveCfg = Release|Any CPU
		{E4D00A75-DC0D-43F2-8F33-5E18F8463C79}.Release|Any CPU.Build.0 = Release|Any CPU
		{E4D00A75-DC0D-43F2-8F33-5E18F8463C79}.SingleImage|Any CPU.ActiveCfg = Release|Any CPU
		{E4D00A75-DC0D-43F2-8F33-5E18F8463C79}.SingleImage|Any CPU.Build.0 = Release|Any CPU
		{661E07D3-B8CA-446F-AA97-B50500C1FE8A}.CD_ROM|Any CPU.ActiveCfg = Release|Any CPU
		{661E07D3-B8CA-446F-AA97-B50500C1FE8A}.CD_ROM|Any CPU.Build.0 = Release|Any CPU
		{661E07D3-B8CA-446F-AA97-B50500C1FE8A}.Debug|Any CPU.ActiveCfg = Debug|Any CPU
		{661E07D3-B8CA-446F-AA97-B50500C1FE8A}.Debug|Any CPU.Build.0 = Debug|Any CPU
		{661E07D3-B8CA-446F-AA97-B50500C1FE8A}.DVD-5|Any CPU.ActiveCfg = Debug|Any CPU
		{661E07D3-B8CA-446F-AA97-B50500C1FE8A}.DVD-5|Any CPU.Build.0 = Debug|Any CPU
		{661E07D3-B8CA-446F-AA97-B50500C1FE8A}.Release|Any CPU.ActiveCfg = Release|Any CPU
		{661E07D3-B8CA-446F-AA97-B50500C1FE8A}.Release|Any CPU.Build.0 = Release|Any CPU
		{661E07D3-B8CA-446F-AA97-B50500C1FE8A}.SingleImage|Any CPU.ActiveCfg = Release|Any CPU
		{661E07D3-B8CA-446F-AA97-B50500C1FE8A}.SingleImage|Any CPU.Build.0 = Release|Any CPU
		{AF468B1C-C9BC-414B-8FF1-D039511AB4F3}.CD_ROM|Any CPU.ActiveCfg = Release|Any CPU
		{AF468B1C-C9BC-414B-8FF1-D039511AB4F3}.CD_ROM|Any CPU.Build.0 = Release|Any CPU
		{AF468B1C-C9BC-414B-8FF1-D039511AB4F3}.Debug|Any CPU.ActiveCfg = Debug|Any CPU
		{AF468B1C-C9BC-414B-8FF1-D039511AB4F3}.Debug|Any CPU.Build.0 = Debug|Any CPU
		{AF468B1C-C9BC-414B-8FF1-D039511AB4F3}.DVD-5|Any CPU.ActiveCfg = Debug|Any CPU
		{AF468B1C-C9BC-414B-8FF1-D039511AB4F3}.DVD-5|Any CPU.Build.0 = Debug|Any CPU
		{AF468B1C-C9BC-414B-8FF1-D039511AB4F3}.Release|Any CPU.ActiveCfg = Release|Any CPU
		{AF468B1C-C9BC-414B-8FF1-D039511AB4F3}.Release|Any CPU.Build.0 = Release|Any CPU
		{AF468B1C-C9BC-414B-8FF1-D039511AB4F3}.SingleImage|Any CPU.ActiveCfg = Release|Any CPU
		{AF468B1C-C9BC-414B-8FF1-D039511AB4F3}.SingleImage|Any CPU.Build.0 = Release|Any CPU
		{3F00B04D-A585-4648-A681-6980EE4697FD}.CD_ROM|Any CPU.ActiveCfg = Release|Any CPU
		{3F00B04D-A585-4648-A681-6980EE4697FD}.CD_ROM|Any CPU.Build.0 = Release|Any CPU
		{3F00B04D-A585-4648-A681-6980EE4697FD}.Debug|Any CPU.ActiveCfg = Debug|Any CPU
		{3F00B04D-A585-4648-A681-6980EE4697FD}.Debug|Any CPU.Build.0 = Debug|Any CPU
		{3F00B04D-A585-4648-A681-6980EE4697FD}.DVD-5|Any CPU.ActiveCfg = Debug|Any CPU
		{3F00B04D-A585-4648-A681-6980EE4697FD}.DVD-5|Any CPU.Build.0 = Debug|Any CPU
		{3F00B04D-A585-4648-A681-6980EE4697FD}.Release|Any CPU.ActiveCfg = Release|Any CPU
		{3F00B04D-A585-4648-A681-6980EE4697FD}.Release|Any CPU.Build.0 = Release|Any CPU
		{3F00B04D-A585-4648-A681-6980EE4697FD}.SingleImage|Any CPU.ActiveCfg = Release|Any CPU
		{3F00B04D-A585-4648-A681-6980EE4697FD}.SingleImage|Any CPU.Build.0 = Release|Any CPU
		{2E3C2D2A-2ACA-4801-834E-5CF14C0D7BB7}.CD_ROM|Any CPU.ActiveCfg = Release|Any CPU
		{2E3C2D2A-2ACA-4801-834E-5CF14C0D7BB7}.CD_ROM|Any CPU.Build.0 = Release|Any CPU
		{2E3C2D2A-2ACA-4801-834E-5CF14C0D7BB7}.Debug|Any CPU.ActiveCfg = Debug|Any CPU
		{2E3C2D2A-2ACA-4801-834E-5CF14C0D7BB7}.Debug|Any CPU.Build.0 = Debug|Any CPU
		{2E3C2D2A-2ACA-4801-834E-5CF14C0D7BB7}.DVD-5|Any CPU.ActiveCfg = Debug|Any CPU
		{2E3C2D2A-2ACA-4801-834E-5CF14C0D7BB7}.DVD-5|Any CPU.Build.0 = Debug|Any CPU
		{2E3C2D2A-2ACA-4801-834E-5CF14C0D7BB7}.Release|Any CPU.ActiveCfg = Release|Any CPU
		{2E3C2D2A-2ACA-4801-834E-5CF14C0D7BB7}.Release|Any CPU.Build.0 = Release|Any CPU
		{2E3C2D2A-2ACA-4801-834E-5CF14C0D7BB7}.SingleImage|Any CPU.ActiveCfg = Release|Any CPU
		{2E3C2D2A-2ACA-4801-834E-5CF14C0D7BB7}.SingleImage|Any CPU.Build.0 = Release|Any CPU
		{634BC8B1-E85D-40D4-9966-FA1D73352E2C}.CD_ROM|Any CPU.ActiveCfg = Release|Any CPU
		{634BC8B1-E85D-40D4-9966-FA1D73352E2C}.CD_ROM|Any CPU.Build.0 = Release|Any CPU
		{634BC8B1-E85D-40D4-9966-FA1D73352E2C}.Debug|Any CPU.ActiveCfg = Debug|Any CPU
		{634BC8B1-E85D-40D4-9966-FA1D73352E2C}.Debug|Any CPU.Build.0 = Debug|Any CPU
		{634BC8B1-E85D-40D4-9966-FA1D73352E2C}.DVD-5|Any CPU.ActiveCfg = Debug|Any CPU
		{634BC8B1-E85D-40D4-9966-FA1D73352E2C}.DVD-5|Any CPU.Build.0 = Debug|Any CPU
		{634BC8B1-E85D-40D4-9966-FA1D73352E2C}.Release|Any CPU.ActiveCfg = Release|Any CPU
		{634BC8B1-E85D-40D4-9966-FA1D73352E2C}.Release|Any CPU.Build.0 = Release|Any CPU
		{634BC8B1-E85D-40D4-9966-FA1D73352E2C}.SingleImage|Any CPU.ActiveCfg = Release|Any CPU
		{634BC8B1-E85D-40D4-9966-FA1D73352E2C}.SingleImage|Any CPU.Build.0 = Release|Any CPU
		{C54A4D48-7C07-47C4-AC77-DEE7F7E14FDA}.CD_ROM|Any CPU.ActiveCfg = Release|Any CPU
		{C54A4D48-7C07-47C4-AC77-DEE7F7E14FDA}.CD_ROM|Any CPU.Build.0 = Release|Any CPU
		{C54A4D48-7C07-47C4-AC77-DEE7F7E14FDA}.Debug|Any CPU.ActiveCfg = Debug|Any CPU
		{C54A4D48-7C07-47C4-AC77-DEE7F7E14FDA}.Debug|Any CPU.Build.0 = Debug|Any CPU
		{C54A4D48-7C07-47C4-AC77-DEE7F7E14FDA}.DVD-5|Any CPU.ActiveCfg = Debug|Any CPU
		{C54A4D48-7C07-47C4-AC77-DEE7F7E14FDA}.DVD-5|Any CPU.Build.0 = Debug|Any CPU
		{C54A4D48-7C07-47C4-AC77-DEE7F7E14FDA}.Release|Any CPU.ActiveCfg = Release|Any CPU
		{C54A4D48-7C07-47C4-AC77-DEE7F7E14FDA}.Release|Any CPU.Build.0 = Release|Any CPU
		{C54A4D48-7C07-47C4-AC77-DEE7F7E14FDA}.SingleImage|Any CPU.ActiveCfg = Release|Any CPU
		{C54A4D48-7C07-47C4-AC77-DEE7F7E14FDA}.SingleImage|Any CPU.Build.0 = Release|Any CPU
		{0533257B-1797-43F6-AA84-C17644912AA4}.CD_ROM|Any CPU.ActiveCfg = Release|Any CPU
		{0533257B-1797-43F6-AA84-C17644912AA4}.CD_ROM|Any CPU.Build.0 = Release|Any CPU
		{0533257B-1797-43F6-AA84-C17644912AA4}.Debug|Any CPU.ActiveCfg = Debug|Any CPU
		{0533257B-1797-43F6-AA84-C17644912AA4}.Debug|Any CPU.Build.0 = Debug|Any CPU
		{0533257B-1797-43F6-AA84-C17644912AA4}.DVD-5|Any CPU.ActiveCfg = Debug|Any CPU
		{0533257B-1797-43F6-AA84-C17644912AA4}.DVD-5|Any CPU.Build.0 = Debug|Any CPU
		{0533257B-1797-43F6-AA84-C17644912AA4}.Release|Any CPU.ActiveCfg = Release|Any CPU
		{0533257B-1797-43F6-AA84-C17644912AA4}.Release|Any CPU.Build.0 = Release|Any CPU
		{0533257B-1797-43F6-AA84-C17644912AA4}.SingleImage|Any CPU.ActiveCfg = Release|Any CPU
		{0533257B-1797-43F6-AA84-C17644912AA4}.SingleImage|Any CPU.Build.0 = Release|Any CPU
		{84839558-1E88-4E65-8338-DB3F457594D0}.CD_ROM|Any CPU.ActiveCfg = Release|Any CPU
		{84839558-1E88-4E65-8338-DB3F457594D0}.CD_ROM|Any CPU.Build.0 = Release|Any CPU
		{84839558-1E88-4E65-8338-DB3F457594D0}.Debug|Any CPU.ActiveCfg = Debug|Any CPU
		{84839558-1E88-4E65-8338-DB3F457594D0}.Debug|Any CPU.Build.0 = Debug|Any CPU
		{84839558-1E88-4E65-8338-DB3F457594D0}.DVD-5|Any CPU.ActiveCfg = Debug|Any CPU
		{84839558-1E88-4E65-8338-DB3F457594D0}.DVD-5|Any CPU.Build.0 = Debug|Any CPU
		{84839558-1E88-4E65-8338-DB3F457594D0}.Release|Any CPU.ActiveCfg = Release|Any CPU
		{84839558-1E88-4E65-8338-DB3F457594D0}.Release|Any CPU.Build.0 = Release|Any CPU
		{84839558-1E88-4E65-8338-DB3F457594D0}.SingleImage|Any CPU.ActiveCfg = Release|Any CPU
		{84839558-1E88-4E65-8338-DB3F457594D0}.SingleImage|Any CPU.Build.0 = Release|Any CPU
		{C3704C8B-98F5-4153-9D9C-C683C5F3938F}.CD_ROM|Any CPU.ActiveCfg = Release|Any CPU
		{C3704C8B-98F5-4153-9D9C-C683C5F3938F}.CD_ROM|Any CPU.Build.0 = Release|Any CPU
		{C3704C8B-98F5-4153-9D9C-C683C5F3938F}.Debug|Any CPU.ActiveCfg = Debug|Any CPU
		{C3704C8B-98F5-4153-9D9C-C683C5F3938F}.Debug|Any CPU.Build.0 = Debug|Any CPU
		{C3704C8B-98F5-4153-9D9C-C683C5F3938F}.DVD-5|Any CPU.ActiveCfg = Debug|Any CPU
		{C3704C8B-98F5-4153-9D9C-C683C5F3938F}.DVD-5|Any CPU.Build.0 = Debug|Any CPU
		{C3704C8B-98F5-4153-9D9C-C683C5F3938F}.Release|Any CPU.ActiveCfg = Release|Any CPU
		{C3704C8B-98F5-4153-9D9C-C683C5F3938F}.Release|Any CPU.Build.0 = Release|Any CPU
		{C3704C8B-98F5-4153-9D9C-C683C5F3938F}.SingleImage|Any CPU.ActiveCfg = Release|Any CPU
		{C3704C8B-98F5-4153-9D9C-C683C5F3938F}.SingleImage|Any CPU.Build.0 = Release|Any CPU
		{D09A0715-0F68-4047-AAEC-3A13B3D25737}.CD_ROM|Any CPU.ActiveCfg = Release|Any CPU
		{D09A0715-0F68-4047-AAEC-3A13B3D25737}.CD_ROM|Any CPU.Build.0 = Release|Any CPU
		{D09A0715-0F68-4047-AAEC-3A13B3D25737}.Debug|Any CPU.ActiveCfg = Debug|Any CPU
		{D09A0715-0F68-4047-AAEC-3A13B3D25737}.Debug|Any CPU.Build.0 = Debug|Any CPU
		{D09A0715-0F68-4047-AAEC-3A13B3D25737}.DVD-5|Any CPU.ActiveCfg = Debug|Any CPU
		{D09A0715-0F68-4047-AAEC-3A13B3D25737}.DVD-5|Any CPU.Build.0 = Debug|Any CPU
		{D09A0715-0F68-4047-AAEC-3A13B3D25737}.Release|Any CPU.ActiveCfg = Release|Any CPU
		{D09A0715-0F68-4047-AAEC-3A13B3D25737}.Release|Any CPU.Build.0 = Release|Any CPU
		{D09A0715-0F68-4047-AAEC-3A13B3D25737}.SingleImage|Any CPU.ActiveCfg = Release|Any CPU
		{D09A0715-0F68-4047-AAEC-3A13B3D25737}.SingleImage|Any CPU.Build.0 = Release|Any CPU
		{65D4ECEF-D7BE-4C2C-9183-CA7E65073F11}.CD_ROM|Any CPU.ActiveCfg = Release|Any CPU
		{65D4ECEF-D7BE-4C2C-9183-CA7E65073F11}.CD_ROM|Any CPU.Build.0 = Release|Any CPU
		{65D4ECEF-D7BE-4C2C-9183-CA7E65073F11}.Debug|Any CPU.ActiveCfg = Debug|Any CPU
		{65D4ECEF-D7BE-4C2C-9183-CA7E65073F11}.Debug|Any CPU.Build.0 = Debug|Any CPU
		{65D4ECEF-D7BE-4C2C-9183-CA7E65073F11}.DVD-5|Any CPU.ActiveCfg = Debug|Any CPU
		{65D4ECEF-D7BE-4C2C-9183-CA7E65073F11}.DVD-5|Any CPU.Build.0 = Debug|Any CPU
		{65D4ECEF-D7BE-4C2C-9183-CA7E65073F11}.Release|Any CPU.ActiveCfg = Release|Any CPU
		{65D4ECEF-D7BE-4C2C-9183-CA7E65073F11}.Release|Any CPU.Build.0 = Release|Any CPU
		{65D4ECEF-D7BE-4C2C-9183-CA7E65073F11}.SingleImage|Any CPU.ActiveCfg = Release|Any CPU
		{65D4ECEF-D7BE-4C2C-9183-CA7E65073F11}.SingleImage|Any CPU.Build.0 = Release|Any CPU
	EndGlobalSection
	GlobalSection(SolutionProperties) = preSolution
		HideSolutionNode = FALSE
	EndGlobalSection
	GlobalSection(NestedProjects) = preSolution
		{8BED268B-EF1F-4CE6-B48A-EC760EDB7D05} = {A9ADB103-97DD-4F14-A8DC-B88904B69778}
		{B8BDB464-6121-468B-A888-C1A1040A7AA1} = {A9ADB103-97DD-4F14-A8DC-B88904B69778}
		{29D9A171-BE44-4ED1-80D8-19DBA316A3BA} = {A9ADB103-97DD-4F14-A8DC-B88904B69778}
		{1FE3D9FA-97BF-49D5-B491-837365195E3C} = {A9ADB103-97DD-4F14-A8DC-B88904B69778}
		{F56DDA7B-DA88-457A-B850-5980A0C51467} = {6AA9F1A9-E827-45AF-998E-68079C120D4F}
		{C1F6484C-58A3-425C-A4A8-386CBA6A6821} = {6AA9F1A9-E827-45AF-998E-68079C120D4F}
		{FEA6C656-E1DE-4029-9E8C-1D8236ABB8A9} = {6AA9F1A9-E827-45AF-998E-68079C120D4F}
		{695EA167-5E0A-4593-9868-F0D7E639AFDE} = {6AA9F1A9-E827-45AF-998E-68079C120D4F}
		{FFEFD279-5D9E-4C0C-A880-D253EE498568} = {6AA9F1A9-E827-45AF-998E-68079C120D4F}
		{3C2D0904-289D-4270-BB79-D759626F2F82} = {57EDDF92-1D8F-46AF-A06A-9AC4BFF91749}
		{E8385247-E200-4280-8B49-5DF48475A1A5} = {84D9935A-8B07-4EA7-9E28-8866EDEF62EC}
		{F401A88C-78B7-4E7C-ADE1-40484285BC8A} = {6AA9F1A9-E827-45AF-998E-68079C120D4F}
		{B3E92F41-7FFA-457F-B00B-491760BD580B} = {6AA9F1A9-E827-45AF-998E-68079C120D4F}
		{2BF076A7-EAD0-460C-8F3C-C678961F0B1F} = {6AA9F1A9-E827-45AF-998E-68079C120D4F}
		{6F3ECCC6-FD7E-45D8-90A3-8E498197EF90} = {6AA9F1A9-E827-45AF-998E-68079C120D4F}
		{454D40E9-DBA0-408F-8516-C9FB16FB736A} = {6AA9F1A9-E827-45AF-998E-68079C120D4F}
		{E4D00A75-DC0D-43F2-8F33-5E18F8463C79} = {6AA9F1A9-E827-45AF-998E-68079C120D4F}
		{661E07D3-B8CA-446F-AA97-B50500C1FE8A} = {6AA9F1A9-E827-45AF-998E-68079C120D4F}
		{AF468B1C-C9BC-414B-8FF1-D039511AB4F3} = {6AA9F1A9-E827-45AF-998E-68079C120D4F}
		{3F00B04D-A585-4648-A681-6980EE4697FD} = {A9ADB103-97DD-4F14-A8DC-B88904B69778}
		{2E3C2D2A-2ACA-4801-834E-5CF14C0D7BB7} = {84D9935A-8B07-4EA7-9E28-8866EDEF62EC}
		{634BC8B1-E85D-40D4-9966-FA1D73352E2C} = {84D9935A-8B07-4EA7-9E28-8866EDEF62EC}
		{0533257B-1797-43F6-AA84-C17644912AA4} = {CAD26AF7-D4E2-4323-B11A-223250927A6A}
		{84839558-1E88-4E65-8338-DB3F457594D0} = {CAD26AF7-D4E2-4323-B11A-223250927A6A}
		{C3704C8B-98F5-4153-9D9C-C683C5F3938F} = {CAD26AF7-D4E2-4323-B11A-223250927A6A}
		{D09A0715-0F68-4047-AAEC-3A13B3D25737} = {CAD26AF7-D4E2-4323-B11A-223250927A6A}
		{65D4ECEF-D7BE-4C2C-9183-CA7E65073F11} = {CAD26AF7-D4E2-4323-B11A-223250927A6A}
	EndGlobalSection
EndGlobal
